// !$*UTF8*$!
{
	archiveVersion = 1;
	classes = {
	};
	objectVersion = 48;
	objects = {

/* Begin PBXBuildFile section */
		0B005AF31FEB693900C1CC1A /* AppDelegate.swift in Sources */ = {isa = PBXBuildFile; fileRef = 0B005AF21FEB693900C1CC1A /* AppDelegate.swift */; };
		0B005AF51FEB693900C1CC1A /* ViewController.swift in Sources */ = {isa = PBXBuildFile; fileRef = 0B005AF41FEB693900C1CC1A /* ViewController.swift */; };
		0B005AF81FEB693900C1CC1A /* Main.storyboard in Resources */ = {isa = PBXBuildFile; fileRef = 0B005AF61FEB693900C1CC1A /* Main.storyboard */; };
		0B005AFA1FEB693900C1CC1A /* Assets.xcassets in Resources */ = {isa = PBXBuildFile; fileRef = 0B005AF91FEB693900C1CC1A /* Assets.xcassets */; };
		0B005AFD1FEB693900C1CC1A /* LaunchScreen.storyboard in Resources */ = {isa = PBXBuildFile; fileRef = 0B005AFB1FEB693900C1CC1A /* LaunchScreen.storyboard */; };
		0B005B021FEB693A00C1CC1A /* PizzaAppleWatch WatchKit App.app in Embed Watch Content */ = {isa = PBXBuildFile; fileRef = 0B005B011FEB693A00C1CC1A /* PizzaAppleWatch WatchKit App.app */; };
		0B005B081FEB693A00C1CC1A /* Interface.storyboard in Resources */ = {isa = PBXBuildFile; fileRef = 0B005B061FEB693A00C1CC1A /* Interface.storyboard */; };
		0B005B0A1FEB693A00C1CC1A /* Assets.xcassets in Resources */ = {isa = PBXBuildFile; fileRef = 0B005B091FEB693A00C1CC1A /* Assets.xcassets */; };
		0B005B111FEB693A00C1CC1A /* PizzaAppleWatch WatchKit Extension.appex in Embed App Extensions */ = {isa = PBXBuildFile; fileRef = 0B005B101FEB693A00C1CC1A /* PizzaAppleWatch WatchKit Extension.appex */; settings = {ATTRIBUTES = (RemoveHeadersOnCopy, ); }; };
		0B005B161FEB693A00C1CC1A /* InterfaceController.swift in Sources */ = {isa = PBXBuildFile; fileRef = 0B005B151FEB693A00C1CC1A /* InterfaceController.swift */; };
		0B005B181FEB693A00C1CC1A /* ExtensionDelegate.swift in Sources */ = {isa = PBXBuildFile; fileRef = 0B005B171FEB693A00C1CC1A /* ExtensionDelegate.swift */; };
		0B005B1A1FEB693A00C1CC1A /* NotificationController.swift in Sources */ = {isa = PBXBuildFile; fileRef = 0B005B191FEB693A00C1CC1A /* NotificationController.swift */; };
		0B005B1C1FEB693A00C1CC1A /* Assets.xcassets in Resources */ = {isa = PBXBuildFile; fileRef = 0B005B1B1FEB693A00C1CC1A /* Assets.xcassets */; };
		0B005B2D1FEB6BB800C1CC1A /* tamaño.swift in Sources */ = {isa = PBXBuildFile; fileRef = 0B005B2C1FEB6BB800C1CC1A /* tamaño.swift */; };
		0B005B2F1FEB6F3200C1CC1A /* Respuestas.swift in Sources */ = {isa = PBXBuildFile; fileRef = 0B005B2E1FEB6F3200C1CC1A /* Respuestas.swift */; };
		0B005B311FEB742400C1CC1A /* masa.swift in Sources */ = {isa = PBXBuildFile; fileRef = 0B005B301FEB742400C1CC1A /* masa.swift */; };
		0B005B331FEB75C500C1CC1A /* queso.swift in Sources */ = {isa = PBXBuildFile; fileRef = 0B005B321FEB75C500C1CC1A /* queso.swift */; };
		0B005B351FEB77BB00C1CC1A /* ingredientes.swift in Sources */ = {isa = PBXBuildFile; fileRef = 0B005B341FEB77BB00C1CC1A /* ingredientes.swift */; };
		0B9B7D8D1FEC3CC100847EB9 /* Confirmar.swift in Sources */ = {isa = PBXBuildFile; fileRef = 0B9B7D8C1FEC3CC100847EB9 /* Confirmar.swift */; };
/* End PBXBuildFile section */

/* Begin PBXContainerItemProxy section */
		0B005B031FEB693A00C1CC1A /* PBXContainerItemProxy */ = {
			isa = PBXContainerItemProxy;
			containerPortal = 0B005AE71FEB693900C1CC1A /* Project object */;
			proxyType = 1;
			remoteGlobalIDString = 0B005B001FEB693A00C1CC1A;
			remoteInfo = "PizzaAppleWatch WatchKit App";
		};
		0B005B121FEB693A00C1CC1A /* PBXContainerItemProxy */ = {
			isa = PBXContainerItemProxy;
			containerPortal = 0B005AE71FEB693900C1CC1A /* Project object */;
			proxyType = 1;
			remoteGlobalIDString = 0B005B0F1FEB693A00C1CC1A;
			remoteInfo = "PizzaAppleWatch WatchKit Extension";
		};
/* End PBXContainerItemProxy section */

/* Begin PBXCopyFilesBuildPhase section */
		0B005B241FEB693A00C1CC1A /* Embed App Extensions */ = {
			isa = PBXCopyFilesBuildPhase;
			buildActionMask = 2147483647;
			dstPath = "";
			dstSubfolderSpec = 13;
			files = (
				0B005B111FEB693A00C1CC1A /* PizzaAppleWatch WatchKit Extension.appex in Embed App Extensions */,
			);
			name = "Embed App Extensions";
			runOnlyForDeploymentPostprocessing = 0;
		};
		0B005B281FEB693A00C1CC1A /* Embed Watch Content */ = {
			isa = PBXCopyFilesBuildPhase;
			buildActionMask = 2147483647;
			dstPath = "$(CONTENTS_FOLDER_PATH)/Watch";
			dstSubfolderSpec = 16;
			files = (
				0B005B021FEB693A00C1CC1A /* PizzaAppleWatch WatchKit App.app in Embed Watch Content */,
			);
			name = "Embed Watch Content";
			runOnlyForDeploymentPostprocessing = 0;
		};
/* End PBXCopyFilesBuildPhase section */

/* Begin PBXFileReference section */
		0B005AEF1FEB693900C1CC1A /* PizzaAppleWatch.app */ = {isa = PBXFileReference; explicitFileType = wrapper.application; includeInIndex = 0; path = PizzaAppleWatch.app; sourceTree = BUILT_PRODUCTS_DIR; };
		0B005AF21FEB693900C1CC1A /* AppDelegate.swift */ = {isa = PBXFileReference; lastKnownFileType = sourcecode.swift; path = AppDelegate.swift; sourceTree = "<group>"; };
		0B005AF41FEB693900C1CC1A /* ViewController.swift */ = {isa = PBXFileReference; lastKnownFileType = sourcecode.swift; path = ViewController.swift; sourceTree = "<group>"; };
		0B005AF71FEB693900C1CC1A /* Base */ = {isa = PBXFileReference; lastKnownFileType = file.storyboard; name = Base; path = Base.lproj/Main.storyboard; sourceTree = "<group>"; };
		0B005AF91FEB693900C1CC1A /* Assets.xcassets */ = {isa = PBXFileReference; lastKnownFileType = folder.assetcatalog; path = Assets.xcassets; sourceTree = "<group>"; };
		0B005AFC1FEB693900C1CC1A /* Base */ = {isa = PBXFileReference; lastKnownFileType = file.storyboard; name = Base; path = Base.lproj/LaunchScreen.storyboard; sourceTree = "<group>"; };
		0B005AFE1FEB693900C1CC1A /* Info.plist */ = {isa = PBXFileReference; lastKnownFileType = text.plist.xml; path = Info.plist; sourceTree = "<group>"; };
		0B005B011FEB693A00C1CC1A /* PizzaAppleWatch WatchKit App.app */ = {isa = PBXFileReference; explicitFileType = wrapper.application; includeInIndex = 0; path = "PizzaAppleWatch WatchKit App.app"; sourceTree = BUILT_PRODUCTS_DIR; };
		0B005B071FEB693A00C1CC1A /* Base */ = {isa = PBXFileReference; lastKnownFileType = file.storyboard; name = Base; path = Base.lproj/Interface.storyboard; sourceTree = "<group>"; };
		0B005B091FEB693A00C1CC1A /* Assets.xcassets */ = {isa = PBXFileReference; lastKnownFileType = folder.assetcatalog; path = Assets.xcassets; sourceTree = "<group>"; };
		0B005B0B1FEB693A00C1CC1A /* Info.plist */ = {isa = PBXFileReference; lastKnownFileType = text.plist.xml; path = Info.plist; sourceTree = "<group>"; };
		0B005B101FEB693A00C1CC1A /* PizzaAppleWatch WatchKit Extension.appex */ = {isa = PBXFileReference; explicitFileType = "wrapper.app-extension"; includeInIndex = 0; path = "PizzaAppleWatch WatchKit Extension.appex"; sourceTree = BUILT_PRODUCTS_DIR; };
		0B005B151FEB693A00C1CC1A /* InterfaceController.swift */ = {isa = PBXFileReference; lastKnownFileType = sourcecode.swift; path = InterfaceController.swift; sourceTree = "<group>"; };
		0B005B171FEB693A00C1CC1A /* ExtensionDelegate.swift */ = {isa = PBXFileReference; lastKnownFileType = sourcecode.swift; path = ExtensionDelegate.swift; sourceTree = "<group>"; };
		0B005B191FEB693A00C1CC1A /* NotificationController.swift */ = {isa = PBXFileReference; lastKnownFileType = sourcecode.swift; path = NotificationController.swift; sourceTree = "<group>"; };
		0B005B1B1FEB693A00C1CC1A /* Assets.xcassets */ = {isa = PBXFileReference; lastKnownFileType = folder.assetcatalog; path = Assets.xcassets; sourceTree = "<group>"; };
		0B005B1D1FEB693A00C1CC1A /* Info.plist */ = {isa = PBXFileReference; lastKnownFileType = text.plist.xml; path = Info.plist; sourceTree = "<group>"; };
		0B005B1E1FEB693A00C1CC1A /* PushNotificationPayload.apns */ = {isa = PBXFileReference; lastKnownFileType = text; path = PushNotificationPayload.apns; sourceTree = "<group>"; };
		0B005B2C1FEB6BB800C1CC1A /* tamaño.swift */ = {isa = PBXFileReference; lastKnownFileType = sourcecode.swift; path = "tamaño.swift"; sourceTree = "<group>"; };
		0B005B2E1FEB6F3200C1CC1A /* Respuestas.swift */ = {isa = PBXFileReference; lastKnownFileType = sourcecode.swift; path = Respuestas.swift; sourceTree = "<group>"; };
		0B005B301FEB742400C1CC1A /* masa.swift */ = {isa = PBXFileReference; lastKnownFileType = sourcecode.swift; path = masa.swift; sourceTree = "<group>"; };
		0B005B321FEB75C500C1CC1A /* queso.swift */ = {isa = PBXFileReference; lastKnownFileType = sourcecode.swift; path = queso.swift; sourceTree = "<group>"; };
		0B005B341FEB77BB00C1CC1A /* ingredientes.swift */ = {isa = PBXFileReference; lastKnownFileType = sourcecode.swift; path = ingredientes.swift; sourceTree = "<group>"; };
		0B9B7D8C1FEC3CC100847EB9 /* Confirmar.swift */ = {isa = PBXFileReference; lastKnownFileType = sourcecode.swift; path = Confirmar.swift; sourceTree = "<group>"; };
/* End PBXFileReference section */

/* Begin PBXFrameworksBuildPhase section */
		0B005AEC1FEB693900C1CC1A /* Frameworks */ = {
			isa = PBXFrameworksBuildPhase;
			buildActionMask = 2147483647;
			files = (
			);
			runOnlyForDeploymentPostprocessing = 0;
		};
		0B005B0D1FEB693A00C1CC1A /* Frameworks */ = {
			isa = PBXFrameworksBuildPhase;
			buildActionMask = 2147483647;
			files = (
			);
			runOnlyForDeploymentPostprocessing = 0;
		};
/* End PBXFrameworksBuildPhase section */

/* Begin PBXGroup section */
		0B005AE61FEB693900C1CC1A = {
			isa = PBXGroup;
			children = (
				0B005AF11FEB693900C1CC1A /* PizzaAppleWatch */,
				0B005B051FEB693A00C1CC1A /* PizzaAppleWatch WatchKit App */,
				0B005B141FEB693A00C1CC1A /* PizzaAppleWatch WatchKit Extension */,
				0B005AF01FEB693900C1CC1A /* Products */,
			);
			sourceTree = "<group>";
		};
		0B005AF01FEB693900C1CC1A /* Products */ = {
			isa = PBXGroup;
			children = (
				0B005AEF1FEB693900C1CC1A /* PizzaAppleWatch.app */,
				0B005B011FEB693A00C1CC1A /* PizzaAppleWatch WatchKit App.app */,
				0B005B101FEB693A00C1CC1A /* PizzaAppleWatch WatchKit Extension.appex */,
			);
			name = Products;
			sourceTree = "<group>";
		};
		0B005AF11FEB693900C1CC1A /* PizzaAppleWatch */ = {
			isa = PBXGroup;
			children = (
				0B005AF21FEB693900C1CC1A /* AppDelegate.swift */,
				0B005AF41FEB693900C1CC1A /* ViewController.swift */,
				0B005AF61FEB693900C1CC1A /* Main.storyboard */,
				0B005AF91FEB693900C1CC1A /* Assets.xcassets */,
				0B005AFB1FEB693900C1CC1A /* LaunchScreen.storyboard */,
				0B005AFE1FEB693900C1CC1A /* Info.plist */,
			);
			path = PizzaAppleWatch;
			sourceTree = "<group>";
		};
		0B005B051FEB693A00C1CC1A /* PizzaAppleWatch WatchKit App */ = {
			isa = PBXGroup;
			children = (
				0B005B061FEB693A00C1CC1A /* Interface.storyboard */,
				0B005B091FEB693A00C1CC1A /* Assets.xcassets */,
				0B005B0B1FEB693A00C1CC1A /* Info.plist */,
			);
			path = "PizzaAppleWatch WatchKit App";
			sourceTree = "<group>";
		};
		0B005B141FEB693A00C1CC1A /* PizzaAppleWatch WatchKit Extension */ = {
			isa = PBXGroup;
			children = (
				0B005B151FEB693A00C1CC1A /* InterfaceController.swift */,
				0B005B171FEB693A00C1CC1A /* ExtensionDelegate.swift */,
				0B005B191FEB693A00C1CC1A /* NotificationController.swift */,
				0B005B1B1FEB693A00C1CC1A /* Assets.xcassets */,
				0B005B1D1FEB693A00C1CC1A /* Info.plist */,
				0B005B1E1FEB693A00C1CC1A /* PushNotificationPayload.apns */,
				0B005B2C1FEB6BB800C1CC1A /* tamaño.swift */,
				0B005B2E1FEB6F3200C1CC1A /* Respuestas.swift */,
				0B005B301FEB742400C1CC1A /* masa.swift */,
				0B005B321FEB75C500C1CC1A /* queso.swift */,
				0B005B341FEB77BB00C1CC1A /* ingredientes.swift */,
				0B9B7D8C1FEC3CC100847EB9 /* Confirmar.swift */,
			);
			path = "PizzaAppleWatch WatchKit Extension";
			sourceTree = "<group>";
		};
/* End PBXGroup section */

/* Begin PBXNativeTarget section */
		0B005AEE1FEB693900C1CC1A /* PizzaAppleWatch */ = {
			isa = PBXNativeTarget;
			buildConfigurationList = 0B005B291FEB693A00C1CC1A /* Build configuration list for PBXNativeTarget "PizzaAppleWatch" */;
			buildPhases = (
				0B005AEB1FEB693900C1CC1A /* Sources */,
				0B005AEC1FEB693900C1CC1A /* Frameworks */,
				0B005AED1FEB693900C1CC1A /* Resources */,
				0B005B281FEB693A00C1CC1A /* Embed Watch Content */,
			);
			buildRules = (
			);
			dependencies = (
				0B005B041FEB693A00C1CC1A /* PBXTargetDependency */,
			);
			name = PizzaAppleWatch;
			productName = PizzaAppleWatch;
			productReference = 0B005AEF1FEB693900C1CC1A /* PizzaAppleWatch.app */;
			productType = "com.apple.product-type.application";
		};
		0B005B001FEB693A00C1CC1A /* PizzaAppleWatch WatchKit App */ = {
			isa = PBXNativeTarget;
			buildConfigurationList = 0B005B251FEB693A00C1CC1A /* Build configuration list for PBXNativeTarget "PizzaAppleWatch WatchKit App" */;
			buildPhases = (
				0B005AFF1FEB693A00C1CC1A /* Resources */,
				0B005B241FEB693A00C1CC1A /* Embed App Extensions */,
			);
			buildRules = (
			);
			dependencies = (
				0B005B131FEB693A00C1CC1A /* PBXTargetDependency */,
			);
			name = "PizzaAppleWatch WatchKit App";
			productName = "PizzaAppleWatch WatchKit App";
			productReference = 0B005B011FEB693A00C1CC1A /* PizzaAppleWatch WatchKit App.app */;
			productType = "com.apple.product-type.application.watchapp2";
		};
		0B005B0F1FEB693A00C1CC1A /* PizzaAppleWatch WatchKit Extension */ = {
			isa = PBXNativeTarget;
			buildConfigurationList = 0B005B211FEB693A00C1CC1A /* Build configuration list for PBXNativeTarget "PizzaAppleWatch WatchKit Extension" */;
			buildPhases = (
				0B005B0C1FEB693A00C1CC1A /* Sources */,
				0B005B0D1FEB693A00C1CC1A /* Frameworks */,
				0B005B0E1FEB693A00C1CC1A /* Resources */,
			);
			buildRules = (
			);
			dependencies = (
			);
			name = "PizzaAppleWatch WatchKit Extension";
			productName = "PizzaAppleWatch WatchKit Extension";
			productReference = 0B005B101FEB693A00C1CC1A /* PizzaAppleWatch WatchKit Extension.appex */;
			productType = "com.apple.product-type.watchkit2-extension";
		};
/* End PBXNativeTarget section */

/* Begin PBXProject section */
		0B005AE71FEB693900C1CC1A /* Project object */ = {
			isa = PBXProject;
			attributes = {
				LastSwiftUpdateCheck = 0920;
				LastUpgradeCheck = 0920;
				ORGANIZATIONNAME = COURSERA;
				TargetAttributes = {
					0B005AEE1FEB693900C1CC1A = {
						CreatedOnToolsVersion = 9.2;
						ProvisioningStyle = Automatic;
					};
					0B005B001FEB693A00C1CC1A = {
						CreatedOnToolsVersion = 9.2;
						ProvisioningStyle = Automatic;
					};
					0B005B0F1FEB693A00C1CC1A = {
						CreatedOnToolsVersion = 9.2;
						ProvisioningStyle = Automatic;
					};
				};
			};
			buildConfigurationList = 0B005AEA1FEB693900C1CC1A /* Build configuration list for PBXProject "PizzaAppleWatch" */;
			compatibilityVersion = "Xcode 8.0";
			developmentRegion = en;
			hasScannedForEncodings = 0;
			knownRegions = (
				en,
				Base,
			);
			mainGroup = 0B005AE61FEB693900C1CC1A;
			productRefGroup = 0B005AF01FEB693900C1CC1A /* Products */;
			projectDirPath = "";
			projectRoot = "";
			targets = (
				0B005AEE1FEB693900C1CC1A /* PizzaAppleWatch */,
				0B005B001FEB693A00C1CC1A /* PizzaAppleWatch WatchKit App */,
				0B005B0F1FEB693A00C1CC1A /* PizzaAppleWatch WatchKit Extension */,
			);
		};
/* End PBXProject section */

/* Begin PBXResourcesBuildPhase section */
		0B005AED1FEB693900C1CC1A /* Resources */ = {
			isa = PBXResourcesBuildPhase;
			buildActionMask = 2147483647;
			files = (
				0B005AFD1FEB693900C1CC1A /* LaunchScreen.storyboard in Resources */,
				0B005AFA1FEB693900C1CC1A /* Assets.xcassets in Resources */,
				0B005AF81FEB693900C1CC1A /* Main.storyboard in Resources */,
			);
			runOnlyForDeploymentPostprocessing = 0;
		};
		0B005AFF1FEB693A00C1CC1A /* Resources */ = {
			isa = PBXResourcesBuildPhase;
			buildActionMask = 2147483647;
			files = (
				0B005B0A1FEB693A00C1CC1A /* Assets.xcassets in Resources */,
				0B005B081FEB693A00C1CC1A /* Interface.storyboard in Resources */,
			);
			runOnlyForDeploymentPostprocessing = 0;
		};
		0B005B0E1FEB693A00C1CC1A /* Resources */ = {
			isa = PBXResourcesBuildPhase;
			buildActionMask = 2147483647;
			files = (
				0B005B1C1FEB693A00C1CC1A /* Assets.xcassets in Resources */,
			);
			runOnlyForDeploymentPostprocessing = 0;
		};
/* End PBXResourcesBuildPhase section */

/* Begin PBXSourcesBuildPhase section */
		0B005AEB1FEB693900C1CC1A /* Sources */ = {
			isa = PBXSourcesBuildPhase;
			buildActionMask = 2147483647;
			files = (
				0B005AF51FEB693900C1CC1A /* ViewController.swift in Sources */,
				0B005AF31FEB693900C1CC1A /* AppDelegate.swift in Sources */,
			);
			runOnlyForDeploymentPostprocessing = 0;
		};
		0B005B0C1FEB693A00C1CC1A /* Sources */ = {
			isa = PBXSourcesBuildPhase;
			buildActionMask = 2147483647;
			files = (
				0B005B2F1FEB6F3200C1CC1A /* Respuestas.swift in Sources */,
				0B005B331FEB75C500C1CC1A /* queso.swift in Sources */,
				0B005B311FEB742400C1CC1A /* masa.swift in Sources */,
				0B005B1A1FEB693A00C1CC1A /* NotificationController.swift in Sources */,
				0B005B181FEB693A00C1CC1A /* ExtensionDelegate.swift in Sources */,
				0B005B161FEB693A00C1CC1A /* InterfaceController.swift in Sources */,
				0B005B351FEB77BB00C1CC1A /* ingredientes.swift in Sources */,
				0B9B7D8D1FEC3CC100847EB9 /* Confirmar.swift in Sources */,
				0B005B2D1FEB6BB800C1CC1A /* tamaño.swift in Sources */,
			);
			runOnlyForDeploymentPostprocessing = 0;
		};
/* End PBXSourcesBuildPhase section */

/* Begin PBXTargetDependency section */
		0B005B041FEB693A00C1CC1A /* PBXTargetDependency */ = {
			isa = PBXTargetDependency;
			target = 0B005B001FEB693A00C1CC1A /* PizzaAppleWatch WatchKit App */;
			targetProxy = 0B005B031FEB693A00C1CC1A /* PBXContainerItemProxy */;
		};
		0B005B131FEB693A00C1CC1A /* PBXTargetDependency */ = {
			isa = PBXTargetDependency;
			target = 0B005B0F1FEB693A00C1CC1A /* PizzaAppleWatch WatchKit Extension */;
			targetProxy = 0B005B121FEB693A00C1CC1A /* PBXContainerItemProxy */;
		};
/* End PBXTargetDependency section */

/* Begin PBXVariantGroup section */
		0B005AF61FEB693900C1CC1A /* Main.storyboard */ = {
			isa = PBXVariantGroup;
			children = (
				0B005AF71FEB693900C1CC1A /* Base */,
			);
			name = Main.storyboard;
			sourceTree = "<group>";
		};
		0B005AFB1FEB693900C1CC1A /* LaunchScreen.storyboard */ = {
			isa = PBXVariantGroup;
			children = (
				0B005AFC1FEB693900C1CC1A /* Base */,
			);
			name = LaunchScreen.storyboard;
			sourceTree = "<group>";
		};
		0B005B061FEB693A00C1CC1A /* Interface.storyboard */ = {
			isa = PBXVariantGroup;
			children = (
				0B005B071FEB693A00C1CC1A /* Base */,
			);
			name = Interface.storyboard;
			sourceTree = "<group>";
		};
/* End PBXVariantGroup section */

/* Begin XCBuildConfiguration section */
		0B005B1F1FEB693A00C1CC1A /* Debug */ = {
			isa = XCBuildConfiguration;
			buildSettings = {
				ALWAYS_SEARCH_USER_PATHS = NO;
				CLANG_ANALYZER_NONNULL = YES;
				CLANG_ANALYZER_NUMBER_OBJECT_CONVERSION = YES_AGGRESSIVE;
				CLANG_CXX_LANGUAGE_STANDARD = "gnu++14";
				CLANG_CXX_LIBRARY = "libc++";
				CLANG_ENABLE_MODULES = YES;
				CLANG_ENABLE_OBJC_ARC = YES;
				CLANG_WARN_BLOCK_CAPTURE_AUTORELEASING = YES;
				CLANG_WARN_BOOL_CONVERSION = YES;
				CLANG_WARN_COMMA = YES;
				CLANG_WARN_CONSTANT_CONVERSION = YES;
				CLANG_WARN_DIRECT_OBJC_ISA_USAGE = YES_ERROR;
				CLANG_WARN_DOCUMENTATION_COMMENTS = YES;
				CLANG_WARN_EMPTY_BODY = YES;
				CLANG_WARN_ENUM_CONVERSION = YES;
				CLANG_WARN_INFINITE_RECURSION = YES;
				CLANG_WARN_INT_CONVERSION = YES;
				CLANG_WARN_NON_LITERAL_NULL_CONVERSION = YES;
				CLANG_WARN_OBJC_LITERAL_CONVERSION = YES;
				CLANG_WARN_OBJC_ROOT_CLASS = YES_ERROR;
				CLANG_WARN_RANGE_LOOP_ANALYSIS = YES;
				CLANG_WARN_STRICT_PROTOTYPES = YES;
				CLANG_WARN_SUSPICIOUS_MOVE = YES;
				CLANG_WARN_UNGUARDED_AVAILABILITY = YES_AGGRESSIVE;
				CLANG_WARN_UNREACHABLE_CODE = YES;
				CLANG_WARN__DUPLICATE_METHOD_MATCH = YES;
				CODE_SIGN_IDENTITY = "iPhone Developer";
				COPY_PHASE_STRIP = NO;
				DEBUG_INFORMATION_FORMAT = dwarf;
				ENABLE_STRICT_OBJC_MSGSEND = YES;
				ENABLE_TESTABILITY = YES;
				GCC_C_LANGUAGE_STANDARD = gnu11;
				GCC_DYNAMIC_NO_PIC = NO;
				GCC_NO_COMMON_BLOCKS = YES;
				GCC_OPTIMIZATION_LEVEL = 0;
				GCC_PREPROCESSOR_DEFINITIONS = (
					"DEBUG=1",
					"$(inherited)",
				);
				GCC_WARN_64_TO_32_BIT_CONVERSION = YES;
				GCC_WARN_ABOUT_RETURN_TYPE = YES_ERROR;
				GCC_WARN_UNDECLARED_SELECTOR = YES;
				GCC_WARN_UNINITIALIZED_AUTOS = YES_AGGRESSIVE;
				GCC_WARN_UNUSED_FUNCTION = YES;
				GCC_WARN_UNUSED_VARIABLE = YES;
				IPHONEOS_DEPLOYMENT_TARGET = 11.2;
				MTL_ENABLE_DEBUG_INFO = YES;
				ONLY_ACTIVE_ARCH = YES;
				SDKROOT = iphoneos;
				SWIFT_ACTIVE_COMPILATION_CONDITIONS = DEBUG;
				SWIFT_OPTIMIZATION_LEVEL = "-Onone";
			};
			name = Debug;
		};
		0B005B201FEB693A00C1CC1A /* Release */ = {
			isa = XCBuildConfiguration;
			buildSettings = {
				ALWAYS_SEARCH_USER_PATHS = NO;
				CLANG_ANALYZER_NONNULL = YES;
				CLANG_ANALYZER_NUMBER_OBJECT_CONVERSION = YES_AGGRESSIVE;
				CLANG_CXX_LANGUAGE_STANDARD = "gnu++14";
				CLANG_CXX_LIBRARY = "libc++";
				CLANG_ENABLE_MODULES = YES;
				CLANG_ENABLE_OBJC_ARC = YES;
				CLANG_WARN_BLOCK_CAPTURE_AUTORELEASING = YES;
				CLANG_WARN_BOOL_CONVERSION = YES;
				CLANG_WARN_COMMA = YES;
				CLANG_WARN_CONSTANT_CONVERSION = YES;
				CLANG_WARN_DIRECT_OBJC_ISA_USAGE = YES_ERROR;
				CLANG_WARN_DOCUMENTATION_COMMENTS = YES;
				CLANG_WARN_EMPTY_BODY = YES;
				CLANG_WARN_ENUM_CONVERSION = YES;
				CLANG_WARN_INFINITE_RECURSION = YES;
				CLANG_WARN_INT_CONVERSION = YES;
				CLANG_WARN_NON_LITERAL_NULL_CONVERSION = YES;
				CLANG_WARN_OBJC_LITERAL_CONVERSION = YES;
				CLANG_WARN_OBJC_ROOT_CLASS = YES_ERROR;
				CLANG_WARN_RANGE_LOOP_ANALYSIS = YES;
				CLANG_WARN_STRICT_PROTOTYPES = YES;
				CLANG_WARN_SUSPICIOUS_MOVE = YES;
				CLANG_WARN_UNGUARDED_AVAILABILITY = YES_AGGRESSIVE;
				CLANG_WARN_UNREACHABLE_CODE = YES;
				CLANG_WARN__DUPLICATE_METHOD_MATCH = YES;
				CODE_SIGN_IDENTITY = "iPhone Developer";
				COPY_PHASE_STRIP = NO;
				DEBUG_INFORMATION_FORMAT = "dwarf-with-dsym";
				ENABLE_NS_ASSERTIONS = NO;
				ENABLE_STRICT_OBJC_MSGSEND = YES;
				GCC_C_LANGUAGE_STANDARD = gnu11;
				GCC_NO_COMMON_BLOCKS = YES;
				GCC_WARN_64_TO_32_BIT_CONVERSION = YES;
				GCC_WARN_ABOUT_RETURN_TYPE = YES_ERROR;
				GCC_WARN_UNDECLARED_SELECTOR = YES;
				GCC_WARN_UNINITIALIZED_AUTOS = YES_AGGRESSIVE;
				GCC_WARN_UNUSED_FUNCTION = YES;
				GCC_WARN_UNUSED_VARIABLE = YES;
				IPHONEOS_DEPLOYMENT_TARGET = 11.2;
				MTL_ENABLE_DEBUG_INFO = NO;
				SDKROOT = iphoneos;
				SWIFT_OPTIMIZATION_LEVEL = "-Owholemodule";
				VALIDATE_PRODUCT = YES;
			};
			name = Release;
		};
		0B005B221FEB693A00C1CC1A /* Debug */ = {
			isa = XCBuildConfiguration;
			buildSettings = {
				ASSETCATALOG_COMPILER_COMPLICATION_NAME = Complication;
				CODE_SIGN_STYLE = Automatic;
				DEVELOPMENT_TEAM = 9PCYZ2SK33;
				INFOPLIST_FILE = "PizzaAppleWatch WatchKit Extension/Info.plist";
				LD_RUNPATH_SEARCH_PATHS = "$(inherited) @executable_path/Frameworks @executable_path/../../Frameworks";
				PRODUCT_BUNDLE_IDENTIFIER = com.vivoeii.PizzaAppleWatch.watchkitapp.watchkitextension;
				PRODUCT_NAME = "${TARGET_NAME}";
				SDKROOT = watchos;
				SKIP_INSTALL = YES;
				SWIFT_VERSION = 4.0;
				TARGETED_DEVICE_FAMILY = 4;
				WATCHOS_DEPLOYMENT_TARGET = 4.2;
			};
			name = Debug;
		};
		0B005B231FEB693A00C1CC1A /* Release */ = {
			isa = XCBuildConfiguration;
			buildSettings = {
				ASSETCATALOG_COMPILER_COMPLICATION_NAME = Complication;
				CODE_SIGN_STYLE = Automatic;
				DEVELOPMENT_TEAM = 9PCYZ2SK33;
				INFOPLIST_FILE = "PizzaAppleWatch WatchKit Extension/Info.plist";
				LD_RUNPATH_SEARCH_PATHS = "$(inherited) @executable_path/Frameworks @executable_path/../../Frameworks";
				PRODUCT_BUNDLE_IDENTIFIER = com.vivoeii.PizzaAppleWatch.watchkitapp.watchkitextension;
				PRODUCT_NAME = "${TARGET_NAME}";
				SDKROOT = watchos;
				SKIP_INSTALL = YES;
				SWIFT_VERSION = 4.0;
				TARGETED_DEVICE_FAMILY = 4;
				WATCHOS_DEPLOYMENT_TARGET = 4.2;
			};
			name = Release;
		};
		0B005B261FEB693A00C1CC1A /* Debug */ = {
			isa = XCBuildConfiguration;
			buildSettings = {
				ALWAYS_EMBED_SWIFT_STANDARD_LIBRARIES = YES;
				ASSETCATALOG_COMPILER_APPICON_NAME = AppIcon;
				CODE_SIGN_STYLE = Automatic;
				DEVELOPMENT_TEAM = 9PCYZ2SK33;
				IBSC_MODULE = PizzaAppleWatch_WatchKit_Extension;
				INFOPLIST_FILE = "PizzaAppleWatch WatchKit App/Info.plist";
				PRODUCT_BUNDLE_IDENTIFIER = com.vivoeii.PizzaAppleWatch.watchkitapp;
				PRODUCT_NAME = "$(TARGET_NAME)";
				SDKROOT = watchos;
				SKIP_INSTALL = YES;
				SWIFT_VERSION = 4.0;
				TARGETED_DEVICE_FAMILY = 4;
				WATCHOS_DEPLOYMENT_TARGET = 4.2;
			};
			name = Debug;
		};
		0B005B271FEB693A00C1CC1A /* Release */ = {
			isa = XCBuildConfiguration;
			buildSettings = {
				ALWAYS_EMBED_SWIFT_STANDARD_LIBRARIES = YES;
				ASSETCATALOG_COMPILER_APPICON_NAME = AppIcon;
				CODE_SIGN_STYLE = Automatic;
				DEVELOPMENT_TEAM = 9PCYZ2SK33;
				IBSC_MODULE = PizzaAppleWatch_WatchKit_Extension;
				INFOPLIST_FILE = "PizzaAppleWatch WatchKit App/Info.plist";
				PRODUCT_BUNDLE_IDENTIFIER = com.vivoeii.PizzaAppleWatch.watchkitapp;
				PRODUCT_NAME = "$(TARGET_NAME)";
				SDKROOT = watchos;
				SKIP_INSTALL = YES;
				SWIFT_VERSION = 4.0;
				TARGETED_DEVICE_FAMILY = 4;
				WATCHOS_DEPLOYMENT_TARGET = 4.2;
			};
			name = Release;
		};
		0B005B2A1FEB693A00C1CC1A /* Debug */ = {
			isa = XCBuildConfiguration;
			buildSettings = {
				ASSETCATALOG_COMPILER_APPICON_NAME = AppIcon;
				CODE_SIGN_STYLE = Automatic;
				DEVELOPMENT_TEAM = 9PCYZ2SK33;
				INFOPLIST_FILE = PizzaAppleWatch/Info.plist;
				LD_RUNPATH_SEARCH_PATHS = "$(inherited) @executable_path/Frameworks";
				PRODUCT_BUNDLE_IDENTIFIER = com.vivoeii.PizzaAppleWatch;
				PRODUCT_NAME = "$(TARGET_NAME)";
				SWIFT_VERSION = 4.0;
				TARGETED_DEVICE_FAMILY = "1,2";
			};
			name = Debug;
		};
		0B005B2B1FEB693A00C1CC1A /* Release */ = {
			isa = XCBuildConfiguration;
			buildSettings = {
				ASSETCATALOG_COMPILER_APPICON_NAME = AppIcon;
				CODE_SIGN_STYLE = Automatic;
				DEVELOPMENT_TEAM = 9PCYZ2SK33;
				INFOPLIST_FILE = PizzaAppleWatch/Info.plist;
				LD_RUNPATH_SEARCH_PATHS = "$(inherited) @executable_path/Frameworks";
				PRODUCT_BUNDLE_IDENTIFIER = com.vivoeii.PizzaAppleWatch;
				PRODUCT_NAME = "$(TARGET_NAME)";
				SWIFT_VERSION = 4.0;
				TARGETED_DEVICE_FAMILY = "1,2";
			};
			name = Release;
		};
/* End XCBuildConfiguration section */

/* Begin XCConfigurationList section */
		0B005AEA1FEB693900C1CC1A /* Build configuration list for PBXProject "PizzaAppleWatch" */ = {
			isa = XCConfigurationList;
			buildConfigurations = (
				0B005B1F1FEB693A00C1CC1A /* Debug */,
				0B005B201FEB693A00C1CC1A /* Release */,
			);
			defaultConfigurationIsVisible = 0;
			defaultConfigurationName = Release;
		};
		0B005B211FEB693A00C1CC1A /* Build configuration list for PBXNativeTarget "PizzaAppleWatch WatchKit Extension" */ = {
			isa = XCConfigurationList;
			buildConfigurations = (
				0B005B221FEB693A00C1CC1A /* Debug */,
				0B005B231FEB693A00C1CC1A /* Release */,
			);
			defaultConfigurationIsVisible = 0;
			defaultConfigurationName = Release;
		};
		0B005B251FEB693A00C1CC1A /* Build configuration list for PBXNativeTarget "PizzaAppleWatch WatchKit App" */ = {
			isa = XCConfigurationList;
			buildConfigurations = (
				0B005B261FEB693A00C1CC1A /* Debug */,
				0B005B271FEB693A00C1CC1A /* Release */,
			);
			defaultConfigurationIsVisible = 0;
			defaultConfigurationName = Release;
		};
		0B005B291FEB693A00C1CC1A /* Build configuration list for PBXNativeTarget "PizzaAppleWatch" */ = {
			isa = XCConfigurationList;
			buildConfigurations = (
				0B005B2A1FEB693A00C1CC1A /* Debug */,
				0B005B2B1FEB693A00C1CC1A /* Release */,
			);
			defaultConfigurationIsVisible = 0;
			defaultConfigurationName = Release;
		};
/* End XCConfigurationList section */
	};
	rootObject = 0B005AE71FEB693900C1CC1A /* Project object */;
}
